# 此文件由 vendor.py 自动生成，请勿手动编辑
# 建议提交到 git，记录上次同步状态
anthropics-skills:
  commit: f17010c9bb483898c1d9c9f42dde2b3a98889434
  synced_at: '2026-08-10T10:08:20Z'
human-writing:
  commit: 4fda173f3fef7fb808f3eba991eeb2528ea4b189
  synced_at: '2026-08-10T10:08:21Z'
khazix-skills:
  commit: 651a45affc65919c0e3facc6124f1656d43c4ad2
  synced_at: '2026-08-10T10:08:20Z'
