# 此文件由 vendor.py 自动生成，请勿手动编辑
# 建议提交到 git，记录上次同步状态
anthropics-skills:
  commit: f6656c1256d5a8adfa37db9110046ef20bac644c
  synced_at: '2026-08-17T09:30:08Z'
human-writing:
  commit: 4fda173f3fef7fb808f3eba991eeb2528ea4b189
  synced_at: '2026-08-17T09:30:10Z'
khazix-skills:
  commit: 7a5c4934be4106ac740ffdb95280bb81b3f4b83c
  synced_at: '2026-08-17T09:30:09Z'
